// !$*UTF8*$!
{
	archiveVersion = 1;
	classes = {
	};
	objectVersion = 51;
	objects = {

/* Begin PBXBuildFile section */
		2FCD35424C169D6BF45783CA /* Pods_New_Instagram.framework in Frameworks */ = {isa = PBXBuildFile; fileRef = 7C8D5852FDF147F71FE8FDD0 /* Pods_New_Instagram.framework */; };
		654B0B8C25519EA200A74D76 /* PostData.swift in Sources */ = {isa = PBXBuildFile; fileRef = 654B0B8B25519EA200A74D76 /* PostData.swift */; };
		654B0B8F25519F0900A74D76 /* PostTableViewCell.swift in Sources */ = {isa = PBXBuildFile; fileRef = 654B0B8D25519F0900A74D76 /* PostTableViewCell.swift */; };
		654B0B9025519F0900A74D76 /* PostTableViewCell.xib in Resources */ = {isa = PBXBuildFile; fileRef = 654B0B8E25519F0900A74D76 /* PostTableViewCell.xib */; };
		654C936D255159E20074999D /* Const.swift in Sources */ = {isa = PBXBuildFile; fileRef = 654C936C255159E20074999D /* Const.swift */; };
		65666D17254EAA3500DDE901 /* AppDelegate.swift in Sources */ = {isa = PBXBuildFile; fileRef = 65666D16254EAA3500DDE901 /* AppDelegate.swift */; };
		65666D19254EAA3500DDE901 /* SceneDelegate.swift in Sources */ = {isa = PBXBuildFile; fileRef = 65666D18254EAA3500DDE901 /* SceneDelegate.swift */; };
		65666D1E254EAA3500DDE901 /* Main.storyboard in Resources */ = {isa = PBXBuildFile; fileRef = 65666D1C254EAA3500DDE901 /* Main.storyboard */; };
		65666D20254EAA3A00DDE901 /* Assets.xcassets in Resources */ = {isa = PBXBuildFile; fileRef = 65666D1F254EAA3A00DDE901 /* Assets.xcassets */; };
		65666D23254EAA3A00DDE901 /* LaunchScreen.storyboard in Resources */ = {isa = PBXBuildFile; fileRef = 65666D21254EAA3A00DDE901 /* LaunchScreen.storyboard */; };
		65666D2B254EB4C400DDE901 /* LoginViewController.swift in Sources */ = {isa = PBXBuildFile; fileRef = 65666D2A254EB4C400DDE901 /* LoginViewController.swift */; };
		65666D2D254EB4D300DDE901 /* HomeViewController.swift in Sources */ = {isa = PBXBuildFile; fileRef = 65666D2C254EB4D300DDE901 /* HomeViewController.swift */; };
		65666D2F254EB4E900DDE901 /* ImageSelectViewController.swift in Sources */ = {isa = PBXBuildFile; fileRef = 65666D2E254EB4E900DDE901 /* ImageSelectViewController.swift */; };
		65666D31254EB4F700DDE901 /* PostViewController.swift in Sources */ = {isa = PBXBuildFile; fileRef = 65666D30254EB4F700DDE901 /* PostViewController.swift */; };
		65666D33254EB50B00DDE901 /* SettingViewController.swift in Sources */ = {isa = PBXBuildFile; fileRef = 65666D32254EB50B00DDE901 /* SettingViewController.swift */; };
		65666D37254EC23200DDE901 /* TabBarController.swift in Sources */ = {isa = PBXBuildFile; fileRef = 65666D36254EC23200DDE901 /* TabBarController.swift */; };
		65666D39254EC41E00DDE901 /* GoogleService-Info.plist in Resources */ = {isa = PBXBuildFile; fileRef = 65666D38254EC41E00DDE901 /* GoogleService-Info.plist */; };
/* End PBXBuildFile section */

/* Begin PBXFileReference section */
		04866FDA48455E32FDB0809B /* Pods-New Instagram.release.xcconfig */ = {isa = PBXFileReference; includeInIndex = 1; lastKnownFileType = text.xcconfig; name = "Pods-New Instagram.release.xcconfig"; path = "Target Support Files/Pods-New Instagram/Pods-New Instagram.release.xcconfig"; sourceTree = "<group>"; };
		048CB7EEEA167E9153BAB5CA /* Pods-New Instagram.debug.xcconfig */ = {isa = PBXFileReference; includeInIndex = 1; lastKnownFileType = text.xcconfig; name = "Pods-New Instagram.debug.xcconfig"; path = "Target Support Files/Pods-New Instagram/Pods-New Instagram.debug.xcconfig"; sourceTree = "<group>"; };
		654B0B8B25519EA200A74D76 /* PostData.swift */ = {isa = PBXFileReference; lastKnownFileType = sourcecode.swift; path = PostData.swift; sourceTree = "<group>"; };
		654B0B8D25519F0900A74D76 /* PostTableViewCell.swift */ = {isa = PBXFileReference; lastKnownFileType = sourcecode.swift; path = PostTableViewCell.swift; sourceTree = "<group>"; };
		654B0B8E25519F0900A74D76 /* PostTableViewCell.xib */ = {isa = PBXFileReference; lastKnownFileType = file.xib; path = PostTableViewCell.xib; sourceTree = "<group>"; };
		654C936C255159E20074999D /* Const.swift */ = {isa = PBXFileReference; lastKnownFileType = sourcecode.swift; path = Const.swift; sourceTree = "<group>"; };
		65666D13254EAA3500DDE901 /* New Instagram.app */ = {isa = PBXFileReference; explicitFileType = wrapper.application; includeInIndex = 0; path = "New Instagram.app"; sourceTree = BUILT_PRODUCTS_DIR; };
		65666D16254EAA3500DDE901 /* AppDelegate.swift */ = {isa = PBXFileReference; lastKnownFileType = sourcecode.swift; path = AppDelegate.swift; sourceTree = "<group>"; };
		65666D18254EAA3500DDE901 /* SceneDelegate.swift */ = {isa = PBXFileReference; lastKnownFileType = sourcecode.swift; path = SceneDelegate.swift; sourceTree = "<group>"; };
		65666D1D254EAA3500DDE901 /* Base */ = {isa = PBXFileReference; lastKnownFileType = file.storyboard; name = Base; path = Base.lproj/Main.storyboard; sourceTree = "<group>"; };
		65666D1F254EAA3A00DDE901 /* Assets.xcassets */ = {isa = PBXFileReference; lastKnownFileType = folder.assetcatalog; path = Assets.xcassets; sourceTree = "<group>"; };
		65666D22254EAA3A00DDE901 /* Base */ = {isa = PBXFileReference; lastKnownFileType = file.storyboard; name = Base; path = Base.lproj/LaunchScreen.storyboard; sourceTree = "<group>"; };
		65666D24254EAA3A00DDE901 /* Info.plist */ = {isa = PBXFileReference; lastKnownFileType = text.plist.xml; path = Info.plist; sourceTree = "<group>"; };
		65666D2A254EB4C400DDE901 /* LoginViewController.swift */ = {isa = PBXFileReference; lastKnownFileType = sourcecode.swift; path = LoginViewController.swift; sourceTree = "<group>"; };
		65666D2C254EB4D300DDE901 /* HomeViewController.swift */ = {isa = PBXFileReference; lastKnownFileType = sourcecode.swift; path = HomeViewController.swift; sourceTree = "<group>"; };
		65666D2E254EB4E900DDE901 /* ImageSelectViewController.swift */ = {isa = PBXFileReference; lastKnownFileType = sourcecode.swift; path = ImageSelectViewController.swift; sourceTree = "<group>"; };
		65666D30254EB4F700DDE901 /* PostViewController.swift */ = {isa = PBXFileReference; lastKnownFileType = sourcecode.swift; path = PostViewController.swift; sourceTree = "<group>"; };
		65666D32254EB50B00DDE901 /* SettingViewController.swift */ = {isa = PBXFileReference; lastKnownFileType = sourcecode.swift; path = SettingViewController.swift; sourceTree = "<group>"; };
		65666D36254EC23200DDE901 /* TabBarController.swift */ = {isa = PBXFileReference; lastKnownFileType = sourcecode.swift; path = TabBarController.swift; sourceTree = "<group>"; };
		65666D38254EC41E00DDE901 /* GoogleService-Info.plist */ = {isa = PBXFileReference; fileEncoding = 4; lastKnownFileType = text.plist.xml; path = "GoogleService-Info.plist"; sourceTree = "<group>"; };
		7C8D5852FDF147F71FE8FDD0 /* Pods_New_Instagram.framework */ = {isa = PBXFileReference; explicitFileType = wrapper.framework; includeInIndex = 0; path = Pods_New_Instagram.framework; sourceTree = BUILT_PRODUCTS_DIR; };
/* End PBXFileReference section */

/* Begin PBXFrameworksBuildPhase section */
		65666D10254EAA3500DDE901 /* Frameworks */ = {
			isa = PBXFrameworksBuildPhase;
			buildActionMask = 2147483647;
			files = (
				2FCD35424C169D6BF45783CA /* Pods_New_Instagram.framework in Frameworks */,
			);
			runOnlyForDeploymentPostprocessing = 0;
		};
/* End PBXFrameworksBuildPhase section */

/* Begin PBXGroup section */
		218FA3512EB44384D721AAF1 /* Frameworks */ = {
			isa = PBXGroup;
			children = (
				7C8D5852FDF147F71FE8FDD0 /* Pods_New_Instagram.framework */,
			);
			name = Frameworks;
			sourceTree = "<group>";
		};
		65666D0A254EAA3500DDE901 = {
			isa = PBXGroup;
			children = (
				65666D15254EAA3500DDE901 /* New Instagram */,
				65666D14254EAA3500DDE901 /* Products */,
				F993FEC6874B27CAFDED2153 /* Pods */,
				218FA3512EB44384D721AAF1 /* Frameworks */,
			);
			sourceTree = "<group>";
		};
		65666D14254EAA3500DDE901 /* Products */ = {
			isa = PBXGroup;
			children = (
				65666D13254EAA3500DDE901 /* New Instagram.app */,
			);
			name = Products;
			sourceTree = "<group>";
		};
		65666D15254EAA3500DDE901 /* New Instagram */ = {
			isa = PBXGroup;
			children = (
				65666D16254EAA3500DDE901 /* AppDelegate.swift */,
				65666D18254EAA3500DDE901 /* SceneDelegate.swift */,
				654B0B8B25519EA200A74D76 /* PostData.swift */,
				654B0B8D25519F0900A74D76 /* PostTableViewCell.swift */,
				654B0B8E25519F0900A74D76 /* PostTableViewCell.xib */,
				65666D1C254EAA3500DDE901 /* Main.storyboard */,
				654C936C255159E20074999D /* Const.swift */,
				65666D36254EC23200DDE901 /* TabBarController.swift */,
				65666D2A254EB4C400DDE901 /* LoginViewController.swift */,
				65666D2C254EB4D300DDE901 /* HomeViewController.swift */,
				65666D2E254EB4E900DDE901 /* ImageSelectViewController.swift */,
				65666D30254EB4F700DDE901 /* PostViewController.swift */,
				65666D32254EB50B00DDE901 /* SettingViewController.swift */,
				65666D1F254EAA3A00DDE901 /* Assets.xcassets */,
				65666D21254EAA3A00DDE901 /* LaunchScreen.storyboard */,
				65666D24254EAA3A00DDE901 /* Info.plist */,
				65666D38254EC41E00DDE901 /* GoogleService-Info.plist */,
			);
			path = "New Instagram";
			sourceTree = "<group>";
		};
		F993FEC6874B27CAFDED2153 /* Pods */ = {
			isa = PBXGroup;
			children = (
				048CB7EEEA167E9153BAB5CA /* Pods-New Instagram.debug.xcconfig */,
				04866FDA48455E32FDB0809B /* Pods-New Instagram.release.xcconfig */,
			);
			path = Pods;
			sourceTree = "<group>";
		};
/* End PBXGroup section */

/* Begin PBXNativeTarget section */
		65666D12254EAA3500DDE901 /* New Instagram */ = {
			isa = PBXNativeTarget;
			buildConfigurationList = 65666D27254EAA3A00DDE901 /* Build configuration list for PBXNativeTarget "New Instagram" */;
			buildPhases = (
				F00A32BF5C3B7824F29FE981 /* [CP] Check Pods Manifest.lock */,
				65666D0F254EAA3500DDE901 /* Sources */,
				65666D10254EAA3500DDE901 /* Frameworks */,
				65666D11254EAA3500DDE901 /* Resources */,
				E547190BEFBF0800D1FF4A56 /* [CP] Embed Pods Frameworks */,
			);
			buildRules = (
			);
			dependencies = (
			);
			name = "New Instagram";
			productName = "New Instagram";
			productReference = 65666D13254EAA3500DDE901 /* New Instagram.app */;
			productType = "com.apple.product-type.application";
		};
/* End PBXNativeTarget section */

/* Begin PBXProject section */
		65666D0B254EAA3500DDE901 /* Project object */ = {
			isa = PBXProject;
			attributes = {
				LastSwiftUpdateCheck = 1150;
				LastUpgradeCheck = 1150;
				ORGANIZATIONNAME = kousuke.makita;
				TargetAttributes = {
					65666D12254EAA3500DDE901 = {
						CreatedOnToolsVersion = 11.5;
					};
				};
			};
			buildConfigurationList = 65666D0E254EAA3500DDE901 /* Build configuration list for PBXProject "New Instagram" */;
			compatibilityVersion = "Xcode 9.3";
			developmentRegion = en;
			hasScannedForEncodings = 0;
			knownRegions = (
				en,
				Base,
			);
			mainGroup = 65666D0A254EAA3500DDE901;
			productRefGroup = 65666D14254EAA3500DDE901 /* Products */;
			projectDirPath = "";
			projectRoot = "";
			targets = (
				65666D12254EAA3500DDE901 /* New Instagram */,
			);
		};
/* End PBXProject section */

/* Begin PBXResourcesBuildPhase section */
		65666D11254EAA3500DDE901 /* Resources */ = {
			isa = PBXResourcesBuildPhase;
			buildActionMask = 2147483647;
			files = (
				65666D23254EAA3A00DDE901 /* LaunchScreen.storyboard in Resources */,
				654B0B9025519F0900A74D76 /* PostTableViewCell.xib in Resources */,
				65666D39254EC41E00DDE901 /* GoogleService-Info.plist in Resources */,
				65666D20254EAA3A00DDE901 /* Assets.xcassets in Resources */,
				65666D1E254EAA3500DDE901 /* Main.storyboard in Resources */,
			);
			runOnlyForDeploymentPostprocessing = 0;
		};
/* End PBXResourcesBuildPhase section */

/* Begin PBXShellScriptBuildPhase section */
		E547190BEFBF0800D1FF4A56 /* [CP] Embed Pods Frameworks */ = {
			isa = PBXShellScriptBuildPhase;
			buildActionMask = 2147483647;
			files = (
			);
			inputFileListPaths = (
				"${PODS_ROOT}/Target Support Files/Pods-New Instagram/Pods-New Instagram-frameworks-${CONFIGURATION}-input-files.xcfilelist",
			);
			name = "[CP] Embed Pods Frameworks";
			outputFileListPaths = (
				"${PODS_ROOT}/Target Support Files/Pods-New Instagram/Pods-New Instagram-frameworks-${CONFIGURATION}-output-files.xcfilelist",
			);
			runOnlyForDeploymentPostprocessing = 0;
			shellPath = /bin/sh;
			shellScript = "\"${PODS_ROOT}/Target Support Files/Pods-New Instagram/Pods-New Instagram-frameworks.sh\"\n";
			showEnvVarsInLog = 0;
		};
		F00A32BF5C3B7824F29FE981 /* [CP] Check Pods Manifest.lock */ = {
			isa = PBXShellScriptBuildPhase;
			buildActionMask = 2147483647;
			files = (
			);
			inputFileListPaths = (
			);
			inputPaths = (
				"${PODS_PODFILE_DIR_PATH}/Podfile.lock",
				"${PODS_ROOT}/Manifest.lock",
			);
			name = "[CP] Check Pods Manifest.lock";
			outputFileListPaths = (
			);
			outputPaths = (
				"$(DERIVED_FILE_DIR)/Pods-New Instagram-checkManifestLockResult.txt",
			);
			runOnlyForDeploymentPostprocessing = 0;
			shellPath = /bin/sh;
			shellScript = "diff \"${PODS_PODFILE_DIR_PATH}/Podfile.lock\" \"${PODS_ROOT}/Manifest.lock\" > /dev/null\nif [ $? != 0 ] ; then\n    # print error to STDERR\n    echo \"error: The sandbox is not in sync with the Podfile.lock. Run 'pod install' or update your CocoaPods installation.\" >&2\n    exit 1\nfi\n# This output is used by Xcode 'outputs' to avoid re-running this script phase.\necho \"SUCCESS\" > \"${SCRIPT_OUTPUT_FILE_0}\"\n";
			showEnvVarsInLog = 0;
		};
/* End PBXShellScriptBuildPhase section */

/* Begin PBXSourcesBuildPhase section */
		65666D0F254EAA3500DDE901 /* Sources */ = {
			isa = PBXSourcesBuildPhase;
			buildActionMask = 2147483647;
			files = (
				654B0B8F25519F0900A74D76 /* PostTableViewCell.swift in Sources */,
				65666D2F254EB4E900DDE901 /* ImageSelectViewController.swift in Sources */,
				65666D37254EC23200DDE901 /* TabBarController.swift in Sources */,
				65666D2D254EB4D300DDE901 /* HomeViewController.swift in Sources */,
				65666D31254EB4F700DDE901 /* PostViewController.swift in Sources */,
				65666D33254EB50B00DDE901 /* SettingViewController.swift in Sources */,
				654B0B8C25519EA200A74D76 /* PostData.swift in Sources */,
				65666D2B254EB4C400DDE901 /* LoginViewController.swift in Sources */,
				65666D17254EAA3500DDE901 /* AppDelegate.swift in Sources */,
				65666D19254EAA3500DDE901 /* SceneDelegate.swift in Sources */,
				654C936D255159E20074999D /* Const.swift in Sources */,
			);
			runOnlyForDeploymentPostprocessing = 0;
		};
/* End PBXSourcesBuildPhase section */

/* Begin PBXVariantGroup section */
		65666D1C254EAA3500DDE901 /* Main.storyboard */ = {
			isa = PBXVariantGroup;
			children = (
				65666D1D254EAA3500DDE901 /* Base */,
			);
			name = Main.storyboard;
			sourceTree = "<group>";
		};
		65666D21254EAA3A00DDE901 /* LaunchScreen.storyboard */ = {
			isa = PBXVariantGroup;
			children = (
				65666D22254EAA3A00DDE901 /* Base */,
			);
			name = LaunchScreen.storyboard;
			sourceTree = "<group>";
		};
/* End PBXVariantGroup section */

/* Begin XCBuildConfiguration section */
		65666D25254EAA3A00DDE901 /* Debug */ = {
			isa = XCBuildConfiguration;
			buildSettings = {
				ALWAYS_SEARCH_USER_PATHS = NO;
				CLANG_ANALYZER_NONNULL = YES;
				CLANG_ANALYZER_NUMBER_OBJECT_CONVERSION = YES_AGGRESSIVE;
				CLANG_CXX_LANGUAGE_STANDARD = "gnu++14";
				CLANG_CXX_LIBRARY = "libc++";
				CLANG_ENABLE_MODULES = YES;
				CLANG_ENABLE_OBJC_ARC = YES;
				CLANG_ENABLE_OBJC_WEAK = YES;
				CLANG_WARN_BLOCK_CAPTURE_AUTORELEASING = YES;
				CLANG_WARN_BOOL_CONVERSION = YES;
				CLANG_WARN_COMMA = YES;
				CLANG_WARN_CONSTANT_CONVERSION = YES;
				CLANG_WARN_DEPRECATED_OBJC_IMPLEMENTATIONS = YES;
				CLANG_WARN_DIRECT_OBJC_ISA_USAGE = YES_ERROR;
				CLANG_WARN_DOCUMENTATION_COMMENTS = YES;
				CLANG_WARN_EMPTY_BODY = YES;
				CLANG_WARN_ENUM_CONVERSION = YES;
				CLANG_WARN_INFINITE_RECURSION = YES;
				CLANG_WARN_INT_CONVERSION = YES;
				CLANG_WARN_NON_LITERAL_NULL_CONVERSION = YES;
				CLANG_WARN_OBJC_IMPLICIT_RETAIN_SELF = YES;
				CLANG_WARN_OBJC_LITERAL_CONVERSION = YES;
				CLANG_WARN_OBJC_ROOT_CLASS = YES_ERROR;
				CLANG_WARN_RANGE_LOOP_ANALYSIS = YES;
				CLANG_WARN_STRICT_PROTOTYPES = YES;
				CLANG_WARN_SUSPICIOUS_MOVE = YES;
				CLANG_WARN_UNGUARDED_AVAILABILITY = YES_AGGRESSIVE;
				CLANG_WARN_UNREACHABLE_CODE = YES;
				CLANG_WARN__DUPLICATE_METHOD_MATCH = YES;
				COPY_PHASE_STRIP = NO;
				DEBUG_INFORMATION_FORMAT = dwarf;
				ENABLE_STRICT_OBJC_MSGSEND = YES;
				ENABLE_TESTABILITY = YES;
				GCC_C_LANGUAGE_STANDARD = gnu11;
				GCC_DYNAMIC_NO_PIC = NO;
				GCC_NO_COMMON_BLOCKS = YES;
				GCC_OPTIMIZATION_LEVEL = 0;
				GCC_PREPROCESSOR_DEFINITIONS = (
					"DEBUG=1",
					"$(inherited)",
				);
				GCC_WARN_64_TO_32_BIT_CONVERSION = YES;
				GCC_WARN_ABOUT_RETURN_TYPE = YES_ERROR;
				GCC_WARN_UNDECLARED_SELECTOR = YES;
				GCC_WARN_UNINITIALIZED_AUTOS = YES_AGGRESSIVE;
				GCC_WARN_UNUSED_FUNCTION = YES;
				GCC_WARN_UNUSED_VARIABLE = YES;
				IPHONEOS_DEPLOYMENT_TARGET = 13.5;
				MTL_ENABLE_DEBUG_INFO = INCLUDE_SOURCE;
				MTL_FAST_MATH = YES;
				ONLY_ACTIVE_ARCH = YES;
				SDKROOT = iphoneos;
				SWIFT_ACTIVE_COMPILATION_CONDITIONS = DEBUG;
				SWIFT_OPTIMIZATION_LEVEL = "-Onone";
			};
			name = Debug;
		};
		65666D26254EAA3A00DDE901 /* Release */ = {
			isa = XCBuildConfiguration;
			buildSettings = {
				ALWAYS_SEARCH_USER_PATHS = NO;
				CLANG_ANALYZER_NONNULL = YES;
				CLANG_ANALYZER_NUMBER_OBJECT_CONVERSION = YES_AGGRESSIVE;
				CLANG_CXX_LANGUAGE_STANDARD = "gnu++14";
				CLANG_CXX_LIBRARY = "libc++";
				CLANG_ENABLE_MODULES = YES;
				CLANG_ENABLE_OBJC_ARC = YES;
				CLANG_ENABLE_OBJC_WEAK = YES;
				CLANG_WARN_BLOCK_CAPTURE_AUTORELEASING = YES;
				CLANG_WARN_BOOL_CONVERSION = YES;
				CLANG_WARN_COMMA = YES;
				CLANG_WARN_CONSTANT_CONVERSION = YES;
				CLANG_WARN_DEPRECATED_OBJC_IMPLEMENTATIONS = YES;
				CLANG_WARN_DIRECT_OBJC_ISA_USAGE = YES_ERROR;
				CLANG_WARN_DOCUMENTATION_COMMENTS = YES;
				CLANG_WARN_EMPTY_BODY = YES;
				CLANG_WARN_ENUM_CONVERSION = YES;
				CLANG_WARN_INFINITE_RECURSION = YES;
				CLANG_WARN_INT_CONVERSION = YES;
				CLANG_WARN_NON_LITERAL_NULL_CONVERSION = YES;
				CLANG_WARN_OBJC_IMPLICIT_RETAIN_SELF = YES;
				CLANG_WARN_OBJC_LITERAL_CONVERSION = YES;
				CLANG_WARN_OBJC_ROOT_CLASS = YES_ERROR;
				CLANG_WARN_RANGE_LOOP_ANALYSIS = YES;
				CLANG_WARN_STRICT_PROTOTYPES = YES;
				CLANG_WARN_SUSPICIOUS_MOVE = YES;
				CLANG_WARN_UNGUARDED_AVAILABILITY = YES_AGGRESSIVE;
				CLANG_WARN_UNREACHABLE_CODE = YES;
				CLANG_WARN__DUPLICATE_METHOD_MATCH = YES;
				COPY_PHASE_STRIP = NO;
				DEBUG_INFORMATION_FORMAT = "dwarf-with-dsym";
				ENABLE_NS_ASSERTIONS = NO;
				ENABLE_STRICT_OBJC_MSGSEND = YES;
				GCC_C_LANGUAGE_STANDARD = gnu11;
				GCC_NO_COMMON_BLOCKS = YES;
				GCC_WARN_64_TO_32_BIT_CONVERSION = YES;
				GCC_WARN_ABOUT_RETURN_TYPE = YES_ERROR;
				GCC_WARN_UNDECLARED_SELECTOR = YES;
				GCC_WARN_UNINITIALIZED_AUTOS = YES_AGGRESSIVE;
				GCC_WARN_UNUSED_FUNCTION = YES;
				GCC_WARN_UNUSED_VARIABLE = YES;
				IPHONEOS_DEPLOYMENT_TARGET = 13.5;
				MTL_ENABLE_DEBUG_INFO = NO;
				MTL_FAST_MATH = YES;
				SDKROOT = iphoneos;
				SWIFT_COMPILATION_MODE = wholemodule;
				SWIFT_OPTIMIZATION_LEVEL = "-O";
				VALIDATE_PRODUCT = YES;
			};
			name = Release;
		};
		65666D28254EAA3A00DDE901 /* Debug */ = {
			isa = XCBuildConfiguration;
			baseConfigurationReference = 048CB7EEEA167E9153BAB5CA /* Pods-New Instagram.debug.xcconfig */;
			buildSettings = {
				ASSETCATALOG_COMPILER_APPICON_NAME = AppIcon;
				CODE_SIGN_STYLE = Automatic;
				DEVELOPMENT_TEAM = 8ZM24L24G9;
				INFOPLIST_FILE = "New Instagram/Info.plist";
				LD_RUNPATH_SEARCH_PATHS = (
					"$(inherited)",
					"@executable_path/Frameworks",
				);
				PRODUCT_BUNDLE_IDENTIFIER = "jp.techacademy.kousuke.makita.New-Instagram";
				PRODUCT_NAME = "$(TARGET_NAME)";
				SWIFT_VERSION = 5.0;
				TARGETED_DEVICE_FAMILY = 1;
			};
			name = Debug;
		};
		65666D29254EAA3A00DDE901 /* Release */ = {
			isa = XCBuildConfiguration;
			baseConfigurationReference = 04866FDA48455E32FDB0809B /* Pods-New Instagram.release.xcconfig */;
			buildSettings = {
				ASSETCATALOG_COMPILER_APPICON_NAME = AppIcon;
				CODE_SIGN_STYLE = Automatic;
				DEVELOPMENT_TEAM = 8ZM24L24G9;
				INFOPLIST_FILE = "New Instagram/Info.plist";
				LD_RUNPATH_SEARCH_PATHS = (
					"$(inherited)",
					"@executable_path/Frameworks",
				);
				PRODUCT_BUNDLE_IDENTIFIER = "jp.techacademy.kousuke.makita.New-Instagram";
				PRODUCT_NAME = "$(TARGET_NAME)";
				SWIFT_VERSION = 5.0;
				TARGETED_DEVICE_FAMILY = 1;
			};
			name = Release;
		};
/* End XCBuildConfiguration section */

/* Begin XCConfigurationList section */
		65666D0E254EAA3500DDE901 /* Build configuration list for PBXProject "New Instagram" */ = {
			isa = XCConfigurationList;
			buildConfigurations = (
				65666D25254EAA3A00DDE901 /* Debug */,
				65666D26254EAA3A00DDE901 /* Release */,
			);
			defaultConfigurationIsVisible = 0;
			defaultConfigurationName = Release;
		};
		65666D27254EAA3A00DDE901 /* Build configuration list for PBXNativeTarget "New Instagram" */ = {
			isa = XCConfigurationList;
			buildConfigurations = (
				65666D28254EAA3A00DDE901 /* Debug */,
				65666D29254EAA3A00DDE901 /* Release */,
			);
			defaultConfigurationIsVisible = 0;
			defaultConfigurationName = Release;
		};
/* End XCConfigurationList section */
	};
	rootObject = 65666D0B254EAA3500DDE901 /* Project object */;
}
